
Microsoft Visual Studio Solution File, Format Version 12.00
# Visual Studio Version 16
VisualStudioVersion = 16.0.31624.102
MinimumVisualStudioVersion = 10.0.40219.1
Project("{FAE04EC0-301F-11D3-BF4B-00C04F79EFBC}") = "Bela", "Bela\Bela.csproj", "{8022AE7F-B924-4725-97AA-AC866E88AE58}"
EndProject
Global
	GlobalSection(SolutionConfigurationPlatforms) = preSolution
		Debug|Any CPU = Debug|Any CPU
		Release|Any CPU = Release|Any CPU
	EndGlobalSection
	GlobalSection(ProjectConfigurationPlatforms) = postSolution
		{8022AE7F-B924-4725-97AA-AC866E88AE58}.Debug|Any CPU.ActiveCfg = Debug|Any CPU
		{8022AE7F-B924-4725-97AA-AC866E88AE58}.Debug|Any CPU.Build.0 = Debug|Any CPU
		{8022AE7F-B924-4725-97AA-AC866E88AE58}.Release|Any CPU.ActiveCfg = Release|Any CPU
		{8022AE7F-B924-4725-97AA-AC866E88AE58}.Release|Any CPU.Build.0 = Release|Any CPU
	EndGlobalSection
	GlobalSection(SolutionProperties) = preSolution
		HideSolutionNode = FALSE
	EndGlobalSection
	GlobalSection(ExtensibilityGlobals) = postSolution
		SolutionGuid = {29D55E9A-FBCE-4537-A311-24D3D1ABAB77}
	EndGlobalSection
EndGlobal
